// !$*UTF8*$!
{
	archiveVersion = 1;
	classes = {
	};
	objectVersion = 55;
	objects = {

/* Begin PBXBuildFile section */
		B1E2BDDE288A2189001009D4 /* ChatApp.swift in Sources */ = {isa = PBXBuildFile; fileRef = B1E2BDDD288A2189001009D4 /* ChatApp.swift */; };
		B1E2BDE0288A2189001009D4 /* RootView.swift in Sources */ = {isa = PBXBuildFile; fileRef = B1E2BDDF288A2189001009D4 /* RootView.swift */; };
		B1E2BDE2288A218B001009D4 /* Assets.xcassets in Resources */ = {isa = PBXBuildFile; fileRef = B1E2BDE1288A218B001009D4 /* Assets.xcassets */; };
		B1E2BDE5288A218B001009D4 /* Preview Assets.xcassets in Resources */ = {isa = PBXBuildFile; fileRef = B1E2BDE4288A218B001009D4 /* Preview Assets.xcassets */; };
		B1E2BDF4288A227F001009D4 /* LexendDeca-SemiBold.ttf in Resources */ = {isa = PBXBuildFile; fileRef = B1E2BDF1288A227F001009D4 /* LexendDeca-SemiBold.ttf */; };
		B1E2BDF5288A227F001009D4 /* LexendDeca-Bold.ttf in Resources */ = {isa = PBXBuildFile; fileRef = B1E2BDF2288A227F001009D4 /* LexendDeca-Bold.ttf */; };
		B1E2BDF6288A227F001009D4 /* LexendDeca-Regular.ttf in Resources */ = {isa = PBXBuildFile; fileRef = B1E2BDF3288A227F001009D4 /* LexendDeca-Regular.ttf */; };
		B1E2BDF9288A233F001009D4 /* Fonts.swift in Sources */ = {isa = PBXBuildFile; fileRef = B1E2BDF8288A233F001009D4 /* Fonts.swift */; };
		B1E2BDFC288A2428001009D4 /* CustomTabBar.swift in Sources */ = {isa = PBXBuildFile; fileRef = B1E2BDFB288A2428001009D4 /* CustomTabBar.swift */; };
		B1E2BDFE288A244F001009D4 /* TabBarButton.swift in Sources */ = {isa = PBXBuildFile; fileRef = B1E2BDFD288A244F001009D4 /* TabBarButton.swift */; };
/* End PBXBuildFile section */

/* Begin PBXFileReference section */
		B1E2BDDA288A2189001009D4 /* Chat.app */ = {isa = PBXFileReference; explicitFileType = wrapper.application; includeInIndex = 0; path = Chat.app; sourceTree = BUILT_PRODUCTS_DIR; };
		B1E2BDDD288A2189001009D4 /* ChatApp.swift */ = {isa = PBXFileReference; lastKnownFileType = sourcecode.swift; path = ChatApp.swift; sourceTree = "<group>"; };
		B1E2BDDF288A2189001009D4 /* RootView.swift */ = {isa = PBXFileReference; lastKnownFileType = sourcecode.swift; path = RootView.swift; sourceTree = "<group>"; };
		B1E2BDE1288A218B001009D4 /* Assets.xcassets */ = {isa = PBXFileReference; lastKnownFileType = folder.assetcatalog; path = Assets.xcassets; sourceTree = "<group>"; };
		B1E2BDE4288A218B001009D4 /* Preview Assets.xcassets */ = {isa = PBXFileReference; lastKnownFileType = folder.assetcatalog; path = "Preview Assets.xcassets"; sourceTree = "<group>"; };
		B1E2BDF1288A227F001009D4 /* LexendDeca-SemiBold.ttf */ = {isa = PBXFileReference; lastKnownFileType = file; path = "LexendDeca-SemiBold.ttf"; sourceTree = "<group>"; };
		B1E2BDF2288A227F001009D4 /* LexendDeca-Bold.ttf */ = {isa = PBXFileReference; lastKnownFileType = file; path = "LexendDeca-Bold.ttf"; sourceTree = "<group>"; };
		B1E2BDF3288A227F001009D4 /* LexendDeca-Regular.ttf */ = {isa = PBXFileReference; lastKnownFileType = file; path = "LexendDeca-Regular.ttf"; sourceTree = "<group>"; };
		B1E2BDF7288A22CF001009D4 /* Info.plist */ = {isa = PBXFileReference; lastKnownFileType = text.plist; path = Info.plist; sourceTree = "<group>"; };
		B1E2BDF8288A233F001009D4 /* Fonts.swift */ = {isa = PBXFileReference; lastKnownFileType = sourcecode.swift; path = Fonts.swift; sourceTree = "<group>"; };
		B1E2BDFB288A2428001009D4 /* CustomTabBar.swift */ = {isa = PBXFileReference; lastKnownFileType = sourcecode.swift; path = CustomTabBar.swift; sourceTree = "<group>"; };
		B1E2BDFD288A244F001009D4 /* TabBarButton.swift */ = {isa = PBXFileReference; lastKnownFileType = sourcecode.swift; path = TabBarButton.swift; sourceTree = "<group>"; };
/* End PBXFileReference section */

/* Begin PBXFrameworksBuildPhase section */
		B1E2BDD7288A2189001009D4 /* Frameworks */ = {
			isa = PBXFrameworksBuildPhase;
			buildActionMask = 2147483647;
			files = (
			);
			runOnlyForDeploymentPostprocessing = 0;
		};
/* End PBXFrameworksBuildPhase section */

/* Begin PBXGroup section */
		B1E2BDD1288A2189001009D4 = {
			isa = PBXGroup;
			children = (
				B1E2BDDC288A2189001009D4 /* Chat */,
				B1E2BDDB288A2189001009D4 /* Products */,
			);
			sourceTree = "<group>";
		};
		B1E2BDDB288A2189001009D4 /* Products */ = {
			isa = PBXGroup;
			children = (
				B1E2BDDA288A2189001009D4 /* Chat.app */,
			);
			name = Products;
			sourceTree = "<group>";
		};
		B1E2BDDC288A2189001009D4 /* Chat */ = {
			isa = PBXGroup;
			children = (
				B1E2BDF7288A22CF001009D4 /* Info.plist */,
				B1E2BDDD288A2189001009D4 /* ChatApp.swift */,
				B1E2BDF0288A2258001009D4 /* Views */,
				B1E2BDEF288A2254001009D4 /* ViewModels */,
				B1E2BDEE288A2250001009D4 /* Models */,
				B1E2BDED288A224B001009D4 /* Services */,
				B1E2BDEC288A2243001009D4 /* Helpers */,
				B1E2BDEB288A2237001009D4 /* Fonts */,
				B1E2BDE1288A218B001009D4 /* Assets.xcassets */,
				B1E2BDE3288A218B001009D4 /* Preview Content */,
			);
			path = Chat;
			sourceTree = "<group>";
		};
		B1E2BDE3288A218B001009D4 /* Preview Content */ = {
			isa = PBXGroup;
			children = (
				B1E2BDE4288A218B001009D4 /* Preview Assets.xcassets */,
			);
			path = "Preview Content";
			sourceTree = "<group>";
		};
		B1E2BDEB288A2237001009D4 /* Fonts */ = {
			isa = PBXGroup;
			children = (
				B1E2BDF2288A227F001009D4 /* LexendDeca-Bold.ttf */,
				B1E2BDF3288A227F001009D4 /* LexendDeca-Regular.ttf */,
				B1E2BDF1288A227F001009D4 /* LexendDeca-SemiBold.ttf */,
			);
			path = Fonts;
			sourceTree = "<group>";
		};
		B1E2BDEC288A2243001009D4 /* Helpers */ = {
			isa = PBXGroup;
			children = (
				B1E2BDF8288A233F001009D4 /* Fonts.swift */,
			);
			path = Helpers;
			sourceTree = "<group>";
		};
		B1E2BDED288A224B001009D4 /* Services */ = {
			isa = PBXGroup;
			children = (
			);
			path = Services;
			sourceTree = "<group>";
		};
		B1E2BDEE288A2250001009D4 /* Models */ = {
			isa = PBXGroup;
			children = (
			);
			path = Models;
			sourceTree = "<group>";
		};
		B1E2BDEF288A2254001009D4 /* ViewModels */ = {
			isa = PBXGroup;
			children = (
			);
			path = ViewModels;
			sourceTree = "<group>";
		};
		B1E2BDF0288A2258001009D4 /* Views */ = {
			isa = PBXGroup;
			children = (
				B1E2BDDF288A2189001009D4 /* RootView.swift */,
				B1E2BDFA288A241B001009D4 /* Custom Tab Bar */,
			);
			path = Views;
			sourceTree = "<group>";
		};
		B1E2BDFA288A241B001009D4 /* Custom Tab Bar */ = {
			isa = PBXGroup;
			children = (
				B1E2BDFB288A2428001009D4 /* CustomTabBar.swift */,
				B1E2BDFD288A244F001009D4 /* TabBarButton.swift */,
			);
			path = "Custom Tab Bar";
			sourceTree = "<group>";
		};
/* End PBXGroup section */

/* Begin PBXNativeTarget section */
		B1E2BDD9288A2189001009D4 /* Chat */ = {
			isa = PBXNativeTarget;
			buildConfigurationList = B1E2BDE8288A218B001009D4 /* Build configuration list for PBXNativeTarget "Chat" */;
			buildPhases = (
				B1E2BDD6288A2189001009D4 /* Sources */,
				B1E2BDD7288A2189001009D4 /* Frameworks */,
				B1E2BDD8288A2189001009D4 /* Resources */,
			);
			buildRules = (
			);
			dependencies = (
			);
			name = Chat;
			productName = Chat;
			productReference = B1E2BDDA288A2189001009D4 /* Chat.app */;
			productType = "com.apple.product-type.application";
		};
/* End PBXNativeTarget section */

/* Begin PBXProject section */
		B1E2BDD2288A2189001009D4 /* Project object */ = {
			isa = PBXProject;
			attributes = {
				BuildIndependentTargetsInParallel = 1;
				LastSwiftUpdateCheck = 1340;
				LastUpgradeCheck = 1340;
				TargetAttributes = {
					B1E2BDD9288A2189001009D4 = {
						CreatedOnToolsVersion = 13.4.1;
					};
				};
			};
			buildConfigurationList = B1E2BDD5288A2189001009D4 /* Build configuration list for PBXProject "Chat" */;
			compatibilityVersion = "Xcode 13.0";
			developmentRegion = en;
			hasScannedForEncodings = 0;
			knownRegions = (
				en,
				Base,
			);
			mainGroup = B1E2BDD1288A2189001009D4;
			productRefGroup = B1E2BDDB288A2189001009D4 /* Products */;
			projectDirPath = "";
			projectRoot = "";
			targets = (
				B1E2BDD9288A2189001009D4 /* Chat */,
			);
		};
/* End PBXProject section */

/* Begin PBXResourcesBuildPhase section */
		B1E2BDD8288A2189001009D4 /* Resources */ = {
			isa = PBXResourcesBuildPhase;
			buildActionMask = 2147483647;
			files = (
				B1E2BDF6288A227F001009D4 /* LexendDeca-Regular.ttf in Resources */,
				B1E2BDE5288A218B001009D4 /* Preview Assets.xcassets in Resources */,
				B1E2BDE2288A218B001009D4 /* Assets.xcassets in Resources */,
				B1E2BDF5288A227F001009D4 /* LexendDeca-Bold.ttf in Resources */,
				B1E2BDF4288A227F001009D4 /* LexendDeca-SemiBold.ttf in Resources */,
			);
			runOnlyForDeploymentPostprocessing = 0;
		};
/* End PBXResourcesBuildPhase section */

/* Begin PBXSourcesBuildPhase section */
		B1E2BDD6288A2189001009D4 /* Sources */ = {
			isa = PBXSourcesBuildPhase;
			buildActionMask = 2147483647;
			files = (
				B1E2BDFC288A2428001009D4 /* CustomTabBar.swift in Sources */,
				B1E2BDE0288A2189001009D4 /* RootView.swift in Sources */,
				B1E2BDF9288A233F001009D4 /* Fonts.swift in Sources */,
				B1E2BDFE288A244F001009D4 /* TabBarButton.swift in Sources */,
				B1E2BDDE288A2189001009D4 /* ChatApp.swift in Sources */,
			);
			runOnlyForDeploymentPostprocessing = 0;
		};
/* End PBXSourcesBuildPhase section */

/* Begin XCBuildConfiguration section */
		B1E2BDE6288A218B001009D4 /* Debug */ = {
			isa = XCBuildConfiguration;
			buildSettings = {
				ALWAYS_SEARCH_USER_PATHS = NO;
				CLANG_ANALYZER_NONNULL = YES;
				CLANG_ANALYZER_NUMBER_OBJECT_CONVERSION = YES_AGGRESSIVE;
				CLANG_CXX_LANGUAGE_STANDARD = "gnu++17";
				CLANG_ENABLE_MODULES = YES;
				CLANG_ENABLE_OBJC_ARC = YES;
				CLANG_ENABLE_OBJC_WEAK = YES;
				CLANG_WARN_BLOCK_CAPTURE_AUTORELEASING = YES;
				CLANG_WARN_BOOL_CONVERSION = YES;
				CLANG_WARN_COMMA = YES;
				CLANG_WARN_CONSTANT_CONVERSION = YES;
				CLANG_WARN_DEPRECATED_OBJC_IMPLEMENTATIONS = YES;
				CLANG_WARN_DIRECT_OBJC_ISA_USAGE = YES_ERROR;
				CLANG_WARN_DOCUMENTATION_COMMENTS = YES;
				CLANG_WARN_EMPTY_BODY = YES;
				CLANG_WARN_ENUM_CONVERSION = YES;
				CLANG_WARN_INFINITE_RECURSION = YES;
				CLANG_WARN_INT_CONVERSION = YES;
				CLANG_WARN_NON_LITERAL_NULL_CONVERSION = YES;
				CLANG_WARN_OBJC_IMPLICIT_RETAIN_SELF = YES;
				CLANG_WARN_OBJC_LITERAL_CONVERSION = YES;
				CLANG_WARN_OBJC_ROOT_CLASS = YES_ERROR;
				CLANG_WARN_QUOTED_INCLUDE_IN_FRAMEWORK_HEADER = YES;
				CLANG_WARN_RANGE_LOOP_ANALYSIS = YES;
				CLANG_WARN_STRICT_PROTOTYPES = YES;
				CLANG_WARN_SUSPICIOUS_MOVE = YES;
				CLANG_WARN_UNGUARDED_AVAILABILITY = YES_AGGRESSIVE;
				CLANG_WARN_UNREACHABLE_CODE = YES;
				CLANG_WARN__DUPLICATE_METHOD_MATCH = YES;
				COPY_PHASE_STRIP = NO;
				DEBUG_INFORMATION_FORMAT = dwarf;
				ENABLE_STRICT_OBJC_MSGSEND = YES;
				ENABLE_TESTABILITY = YES;
				GCC_C_LANGUAGE_STANDARD = gnu11;
				GCC_DYNAMIC_NO_PIC = NO;
				GCC_NO_COMMON_BLOCKS = YES;
				GCC_OPTIMIZATION_LEVEL = 0;
				GCC_PREPROCESSOR_DEFINITIONS = (
					"DEBUG=1",
					"$(inherited)",
				);
				GCC_WARN_64_TO_32_BIT_CONVERSION = YES;
				GCC_WARN_ABOUT_RETURN_TYPE = YES_ERROR;
				GCC_WARN_UNDECLARED_SELECTOR = YES;
				GCC_WARN_UNINITIALIZED_AUTOS = YES_AGGRESSIVE;
				GCC_WARN_UNUSED_FUNCTION = YES;
				GCC_WARN_UNUSED_VARIABLE = YES;
				IPHONEOS_DEPLOYMENT_TARGET = 15.5;
				MTL_ENABLE_DEBUG_INFO = INCLUDE_SOURCE;
				MTL_FAST_MATH = YES;
				ONLY_ACTIVE_ARCH = YES;
				SDKROOT = iphoneos;
				SWIFT_ACTIVE_COMPILATION_CONDITIONS = DEBUG;
				SWIFT_OPTIMIZATION_LEVEL = "-Onone";
			};
			name = Debug;
		};
		B1E2BDE7288A218B001009D4 /* Release */ = {
			isa = XCBuildConfiguration;
			buildSettings = {
				ALWAYS_SEARCH_USER_PATHS = NO;
				CLANG_ANALYZER_NONNULL = YES;
				CLANG_ANALYZER_NUMBER_OBJECT_CONVERSION = YES_AGGRESSIVE;
				CLANG_CXX_LANGUAGE_STANDARD = "gnu++17";
				CLANG_ENABLE_MODULES = YES;
				CLANG_ENABLE_OBJC_ARC = YES;
				CLANG_ENABLE_OBJC_WEAK = YES;
				CLANG_WARN_BLOCK_CAPTURE_AUTORELEASING = YES;
				CLANG_WARN_BOOL_CONVERSION = YES;
				CLANG_WARN_COMMA = YES;
				CLANG_WARN_CONSTANT_CONVERSION = YES;
				CLANG_WARN_DEPRECATED_OBJC_IMPLEMENTATIONS = YES;
				CLANG_WARN_DIRECT_OBJC_ISA_USAGE = YES_ERROR;
				CLANG_WARN_DOCUMENTATION_COMMENTS = YES;
				CLANG_WARN_EMPTY_BODY = YES;
				CLANG_WARN_ENUM_CONVERSION = YES;
				CLANG_WARN_INFINITE_RECURSION = YES;
				CLANG_WARN_INT_CONVERSION = YES;
				CLANG_WARN_NON_LITERAL_NULL_CONVERSION = YES;
				CLANG_WARN_OBJC_IMPLICIT_RETAIN_SELF = YES;
				CLANG_WARN_OBJC_LITERAL_CONVERSION = YES;
				CLANG_WARN_OBJC_ROOT_CLASS = YES_ERROR;
				CLANG_WARN_QUOTED_INCLUDE_IN_FRAMEWORK_HEADER = YES;
				CLANG_WARN_RANGE_LOOP_ANALYSIS = YES;
				CLANG_WARN_STRICT_PROTOTYPES = YES;
				CLANG_WARN_SUSPICIOUS_MOVE = YES;
				CLANG_WARN_UNGUARDED_AVAILABILITY = YES_AGGRESSIVE;
				CLANG_WARN_UNREACHABLE_CODE = YES;
				CLANG_WARN__DUPLICATE_METHOD_MATCH = YES;
				COPY_PHASE_STRIP = NO;
				DEBUG_INFORMATION_FORMAT = "dwarf-with-dsym";
				ENABLE_NS_ASSERTIONS = NO;
				ENABLE_STRICT_OBJC_MSGSEND = YES;
				GCC_C_LANGUAGE_STANDARD = gnu11;
				GCC_NO_COMMON_BLOCKS = YES;
				GCC_WARN_64_TO_32_BIT_CONVERSION = YES;
				GCC_WARN_ABOUT_RETURN_TYPE = YES_ERROR;
				GCC_WARN_UNDECLARED_SELECTOR = YES;
				GCC_WARN_UNINITIALIZED_AUTOS = YES_AGGRESSIVE;
				GCC_WARN_UNUSED_FUNCTION = YES;
				GCC_WARN_UNUSED_VARIABLE = YES;
				IPHONEOS_DEPLOYMENT_TARGET = 15.5;
				MTL_ENABLE_DEBUG_INFO = NO;
				MTL_FAST_MATH = YES;
				SDKROOT = iphoneos;
				SWIFT_COMPILATION_MODE = wholemodule;
				SWIFT_OPTIMIZATION_LEVEL = "-O";
				VALIDATE_PRODUCT = YES;
			};
			name = Release;
		};
		B1E2BDE9288A218B001009D4 /* Debug */ = {
			isa = XCBuildConfiguration;
			buildSettings = {
				ASSETCATALOG_COMPILER_APPICON_NAME = AppIcon;
				ASSETCATALOG_COMPILER_GLOBAL_ACCENT_COLOR_NAME = AccentColor;
				CODE_SIGN_STYLE = Automatic;
				CURRENT_PROJECT_VERSION = 1;
				DEVELOPMENT_ASSET_PATHS = "\"Chat/Preview Content\"";
				DEVELOPMENT_TEAM = LXJRCQ692Q;
				ENABLE_PREVIEWS = YES;
				GENERATE_INFOPLIST_FILE = YES;
				INFOPLIST_FILE = Chat/Info.plist;
				INFOPLIST_KEY_UIApplicationSceneManifest_Generation = YES;
				INFOPLIST_KEY_UIApplicationSupportsIndirectInputEvents = YES;
				INFOPLIST_KEY_UILaunchScreen_Generation = YES;
				INFOPLIST_KEY_UISupportedInterfaceOrientations_iPad = "UIInterfaceOrientationPortrait UIInterfaceOrientationPortraitUpsideDown UIInterfaceOrientationLandscapeLeft UIInterfaceOrientationLandscapeRight";
				INFOPLIST_KEY_UISupportedInterfaceOrientations_iPhone = "UIInterfaceOrientationPortrait UIInterfaceOrientationLandscapeLeft UIInterfaceOrientationLandscapeRight";
				LD_RUNPATH_SEARCH_PATHS = (
					"$(inherited)",
					"@executable_path/Frameworks",
				);
				MARKETING_VERSION = 1.0;
				PRODUCT_BUNDLE_IDENTIFIER = com.tonydinh.Chat;
				PRODUCT_NAME = "$(TARGET_NAME)";
				SWIFT_EMIT_LOC_STRINGS = YES;
				SWIFT_VERSION = 5.0;
				TARGETED_DEVICE_FAMILY = "1,2";
			};
			name = Debug;
		};
		B1E2BDEA288A218B001009D4 /* Release */ = {
			isa = XCBuildConfiguration;
			buildSettings = {
				ASSETCATALOG_COMPILER_APPICON_NAME = AppIcon;
				ASSETCATALOG_COMPILER_GLOBAL_ACCENT_COLOR_NAME = AccentColor;
				CODE_SIGN_STYLE = Automatic;
				CURRENT_PROJECT_VERSION = 1;
				DEVELOPMENT_ASSET_PATHS = "\"Chat/Preview Content\"";
				DEVELOPMENT_TEAM = LXJRCQ692Q;
				ENABLE_PREVIEWS = YES;
				GENERATE_INFOPLIST_FILE = YES;
				INFOPLIST_FILE = Chat/Info.plist;
				INFOPLIST_KEY_UIApplicationSceneManifest_Generation = YES;
				INFOPLIST_KEY_UIApplicationSupportsIndirectInputEvents = YES;
				INFOPLIST_KEY_UILaunchScreen_Generation = YES;
				INFOPLIST_KEY_UISupportedInterfaceOrientations_iPad = "UIInterfaceOrientationPortrait UIInterfaceOrientationPortraitUpsideDown UIInterfaceOrientationLandscapeLeft UIInterfaceOrientationLandscapeRight";
				INFOPLIST_KEY_UISupportedInterfaceOrientations_iPhone = "UIInterfaceOrientationPortrait UIInterfaceOrientationLandscapeLeft UIInterfaceOrientationLandscapeRight";
				LD_RUNPATH_SEARCH_PATHS = (
					"$(inherited)",
					"@executable_path/Frameworks",
				);
				MARKETING_VERSION = 1.0;
				PRODUCT_BUNDLE_IDENTIFIER = com.tonydinh.Chat;
				PRODUCT_NAME = "$(TARGET_NAME)";
				SWIFT_EMIT_LOC_STRINGS = YES;
				SWIFT_VERSION = 5.0;
				TARGETED_DEVICE_FAMILY = "1,2";
			};
			name = Release;
		};
/* End XCBuildConfiguration section */

/* Begin XCConfigurationList section */
		B1E2BDD5288A2189001009D4 /* Build configuration list for PBXProject "Chat" */ = {
			isa = XCConfigurationList;
			buildConfigurations = (
				B1E2BDE6288A218B001009D4 /* Debug */,
				B1E2BDE7288A218B001009D4 /* Release */,
			);
			defaultConfigurationIsVisible = 0;
			defaultConfigurationName = Release;
		};
		B1E2BDE8288A218B001009D4 /* Build configuration list for PBXNativeTarget "Chat" */ = {
			isa = XCConfigurationList;
			buildConfigurations = (
				B1E2BDE9288A218B001009D4 /* Debug */,
				B1E2BDEA288A218B001009D4 /* Release */,
			);
			defaultConfigurationIsVisible = 0;
			defaultConfigurationName = Release;
		};
/* End XCConfigurationList section */
	};
	rootObject = B1E2BDD2288A2189001009D4 /* Project object */;
}
